
Microsoft Visual Studio Solution File, Format Version 12.00
# Visual Studio Version 17
VisualStudioVersion = 17.4.33205.214
MinimumVisualStudioVersion = 10.0.40219.1
Project("{9A19103F-16F7-4668-BE54-9A1E7A4F7556}") = "Dirigera.Lib", "Dirigera.Lib\Dirigera.Lib.csproj", "{3529D7EB-78B2-434F-9B8A-73E1A75C4961}"
EndProject
Project("{9A19103F-16F7-4668-BE54-9A1E7A4F7556}") = "Dirigera.Cli", "Dirigera.Cli\Dirigera.Cli.csproj", "{7FA71914-A267-4B81-A4ED-5FCA9162179B}"
EndProject
Global
	GlobalSection(SolutionConfigurationPlatforms) = preSolution
		Debug|Any CPU = Debug|Any CPU
		Release|Any CPU = Release|Any CPU
	EndGlobalSection
	GlobalSection(ProjectConfigurationPlatforms) = postSolution
		{3529D7EB-78B2-434F-9B8A-73E1A75C4961}.Debug|Any CPU.ActiveCfg = Debug|Any CPU
		{3529D7EB-78B2-434F-9B8A-73E1A75C4961}.Debug|Any CPU.Build.0 = Debug|Any CPU
		{3529D7EB-78B2-434F-9B8A-73E1A75C4961}.Release|Any CPU.ActiveCfg = Release|Any CPU
		{3529D7EB-78B2-434F-9B8A-73E1A75C4961}.Release|Any CPU.Build.0 = Release|Any CPU
		{7FA71914-A267-4B81-A4ED-5FCA9162179B}.Debug|Any CPU.ActiveCfg = Debug|Any CPU
		{7FA71914-A267-4B81-A4ED-5FCA9162179B}.Debug|Any CPU.Build.0 = Debug|Any CPU
		{7FA71914-A267-4B81-A4ED-5FCA9162179B}.Release|Any CPU.ActiveCfg = Release|Any CPU
		{7FA71914-A267-4B81-A4ED-5FCA9162179B}.Release|Any CPU.Build.0 = Release|Any CPU
	EndGlobalSection
	GlobalSection(SolutionProperties) = preSolution
		HideSolutionNode = FALSE
	EndGlobalSection
	GlobalSection(ExtensibilityGlobals) = postSolution
		SolutionGuid = {2CABE760-1084-4ADD-B080-484DEE81BA37}
	EndGlobalSection
EndGlobal
